
Microsoft Visual Studio Solution File, Format Version 12.00
# Visual Studio Version 17
VisualStudioVersion = 17.14.36414.22 d17.14
MinimumVisualStudioVersion = 10.0.40219.1
Project("{FAE04EC0-301F-11D3-BF4B-00C04F79EFBC}") = "SquirlearnWA", "SquirlearnWA\SquirlearnWA.csproj", "{F460FAD5-E047-4FA2-87AD-E84231223F3D}"
EndProject
Global
	GlobalSection(SolutionConfigurationPlatforms) = preSolution
		Debug|Any CPU = Debug|Any CPU
		Release|Any CPU = Release|Any CPU
	EndGlobalSection
	GlobalSection(ProjectConfigurationPlatforms) = postSolution
		{F460FAD5-E047-4FA2-87AD-E84231223F3D}.Debug|Any CPU.ActiveCfg = Debug|Any CPU
		{F460FAD5-E047-4FA2-87AD-E84231223F3D}.Debug|Any CPU.Build.0 = Debug|Any CPU
		{F460FAD5-E047-4FA2-87AD-E84231223F3D}.Release|Any CPU.ActiveCfg = Release|Any CPU
		{F460FAD5-E047-4FA2-87AD-E84231223F3D}.Release|Any CPU.Build.0 = Release|Any CPU
	EndGlobalSection
	GlobalSection(SolutionProperties) = preSolution
		HideSolutionNode = FALSE
	EndGlobalSection
	GlobalSection(ExtensibilityGlobals) = postSolution
		SolutionGuid = {984FB7F4-E806-404D-9443-ED4300223372}
	EndGlobalSection
EndGlobal
